<?xml version="1.0" encoding="utf-8"?>
<Project ToolsVersion="4.0" xmlns="http://schemas.microsoft.com/developer/msbuild/2003">
  <ItemGroup>
    <Filter Include="Source Files">
      <UniqueIdentifier>{4FC737F1-C7A5-4376-A066-2A32D752A2FF}</UniqueIdentifier>
      <Extensions>cpp;c;cc;cxx;def;odl;idl;hpj;bat;asm;asmx</Extensions>
    </Filter>
    <Filter Include="Header Files">
      <UniqueIdentifier>{93995380-89BD-4b04-88EB-625FBE52EBFB}</UniqueIdentifier>
      <Extensions>h;hh;hpp;hxx;hm;inl;inc;xsd</Extensions>
    </Filter>
    <Filter Include="Resource Files">
      <UniqueIdentifier>{67DA6AB6-F800-4c08-8B7A-83BB121AAD01}</UniqueIdentifier>
      <Extensions>rc;ico;cur;bmp;dlg;rc2;rct;bin;rgs;gif;jpg;jpeg;jpe;resx;tiff;tif;png;wav;mfcribbon-ms</Extensions>
    </Filter>
    <Filter Include="Header Files\common">
      <UniqueIdentifier>{d29de204-aad8-425d-b6d3-6f724df1401f}</UniqueIdentifier>
    </Filter>
    <Filter Include="Header Files\api">
      <UniqueIdentifier>{ff0235f5-331d-40a0-a48f-458a2274d5bd}</UniqueIdentifier>
    </Filter>
    <Filter Include="Header Files\provider">
      <UniqueIdentifier>{4859816b-96df-4f05-addd-6caa9e14bd25}</UniqueIdentifier>
    </Filter>
    <Filter Include="Source Files\api">
      <UniqueIdentifier>{2590d1d2-80ea-4d34-8e7b-4e24f639f558}</UniqueIdentifier>
    </Filter>
    <Filter Include="Source Files\common">
      <UniqueIdentifier>{1103da92-b02e-4b99-b729-cff322f29b07}</UniqueIdentifier>
    </Filter>
    <Filter Include="Source Files\provider">
      <UniqueIdentifier>{50ff0e9f-798e-4e08-a373-5e52dcd1daa0}</UniqueIdentifier>
    </Filter>
    <Filter Include="Header Files\extra">
      <UniqueIdentifier>{44f53854-9a79-4623-b0af-7f9270e25df3}</UniqueIdentifier>
    </Filter>
    <Filter Include="Source Files\extra">
      <UniqueIdentifier>{e601e867-49fe-4904-9900-449f3ff6206c}</UniqueIdentifier>
    </Filter>
    <Filter Include="Header Files\extra\libp2p">
      <UniqueIdentifier>{d8d50fc8-e918-4897-a091-29fb46a1d438}</UniqueIdentifier>
    </Filter>
    <Filter Include="Source Files\extra\libp2p">
      <UniqueIdentifier>{64717018-4c80-4e9c-96e4-ad26f47b52b3}</UniqueIdentifier>
    </Filter>
  </ItemGroup>
  <ItemGroup>
    <ClCompile Include="linktest.cpp">
      <Filter>Source Files</Filter>
    </ClCompile>
    <ClCompile Include="..\..\src\imagine\api\imagine.cpp">
      <Filter>Source Files\api</Filter>
    </ClCompile>
    <ClCompile Include="..\..\src\imagine\common\io_context.cpp">
      <Filter>Source Files\common</Filter>
    </ClCompile>
    <ClCompile Include="..\..\src\imagine\common\decoder.cpp">
      <Filter>Source Files\common</Filter>
    </ClCompile>
    <ClCompile Include="..\..\src\imagine\provider\yuv_decoder.cpp">
      <Filter>Source Files\provider</Filter>
    </ClCompile>
    <ClCompile Include="..\..\src\imagine\common\file_io.cpp">
      <Filter>Source Files\common</Filter>
    </ClCompile>
    <ClCompile Include="..\..\src\imagine\provider\jpeg_decoder.cpp">
      <Filter>Source Files\provider</Filter>
    </ClCompile>
    <ClCompile Include="..\..\src\imagine\provider\png_decoder.cpp">
      <Filter>Source Files\provider</Filter>
    </ClCompile>
    <ClCompile Include="..\..\src\imagine\common\jumpman.cpp">
      <Filter>Source Files\common</Filter>
    </ClCompile>
    <ClCompile Include="..\..\extra\libp2p\v210.cpp">
      <Filter>Source Files\extra\libp2p</Filter>
    </ClCompile>
    <ClCompile Include="..\..\src\imagine\provider\bmp_decoder.cpp">
      <Filter>Source Files\provider</Filter>
    </ClCompile>
  </ItemGroup>
  <ItemGroup>
    <ClInclude Include="..\..\src\imagine\api\imagine.h">
      <Filter>Header Files\api</Filter>
    </ClInclude>
    <ClInclude Include="..\..\src\imagine\common\except.h">
      <Filter>Header Files\common</Filter>
    </ClInclude>
    <ClInclude Include="..\..\src\imagine\common\format.h">
      <Filter>Header Files\common</Filter>
    </ClInclude>
    <ClInclude Include="..\..\src\imagine\common\buffer.h">
      <Filter>Header Files\common</Filter>
    </ClInclude>
    <ClInclude Include="..\..\src\imagine\common\io_context.h">
      <Filter>Header Files\common</Filter>
    </ClInclude>
    <ClInclude Include="..\..\src\imagine\common\decoder.h">
      <Filter>Header Files\common</Filter>
    </ClInclude>
    <ClInclude Include="..\..\src\imagine\provider\yuv_decoder.h">
      <Filter>Header Files\provider</Filter>
    </ClInclude>
    <ClInclude Include="..\..\src\imagine\common\file_io.h">
      <Filter>Header Files\common</Filter>
    </ClInclude>
    <ClInclude Include="..\..\src\imagine\common\im_assert.h">
      <Filter>Header Files\common</Filter>
    </ClInclude>
    <ClInclude Include="..\..\src\imagine\common\ccdep.h">
      <Filter>Header Files\common</Filter>
    </ClInclude>
    <ClInclude Include="..\..\src\imagine\provider\jpeg_decoder.h">
      <Filter>Header Files\provider</Filter>
    </ClInclude>
    <ClInclude Include="..\..\src\imagine\common\align.h">
      <Filter>Header Files\common</Filter>
    </ClInclude>
    <ClInclude Include="..\..\src\imagine\provider\png_decoder.h">
      <Filter>Header Files\provider</Filter>
    </ClInclude>
    <ClInclude Include="..\..\src\imagine\common\jumpman.h">
      <Filter>Header Files\common</Filter>
    </ClInclude>
    <ClInclude Include="..\..\extra\libp2p\p2p.h">
      <Filter>Header Files\extra\libp2p</Filter>
    </ClInclude>
    <ClInclude Include="..\..\src\imagine\provider\bmp_decoder.h">
      <Filter>Header Files\provider</Filter>
    </ClInclude>
  </ItemGroup>
</Project>